
Microsoft Visual Studio Solution File, Format Version 12.00
# Visual Studio 15
Project("{FAE04EC0-301F-11D3-BF4B-00C04F79EFBC}") = "Assembly-CSharp", "Assembly-CSharp.csproj", "{9B8A571B-6B16-FD55-3637-1ED72C722AB0}"
EndProject
Project("{FAE04EC0-301F-11D3-BF4B-00C04F79EFBC}") = "Assembly-CSharp-Editor", "Assembly-CSharp-Editor.csproj", "{DB64D88D-9A69-D09A-D133-C73C61A511DC}"
EndProject
Global
	GlobalSection(SolutionConfigurationPlatforms) = preSolution
		Debug|Any CPU = Debug|Any CPU
		Release|Any CPU = Release|Any CPU
	EndGlobalSection
	GlobalSection(ProjectConfigurationPlatforms) = postSolution
		{9B8A571B-6B16-FD55-3637-1ED72C722AB0}.Debug|Any CPU.ActiveCfg = Debug|Any CPU
		{9B8A571B-6B16-FD55-3637-1ED72C722AB0}.Debug|Any CPU.Build.0 = Debug|Any CPU
		{9B8A571B-6B16-FD55-3637-1ED72C722AB0}.Release|Any CPU.ActiveCfg = Release|Any CPU
		{9B8A571B-6B16-FD55-3637-1ED72C722AB0}.Release|Any CPU.Build.0 = Release|Any CPU
		{DB64D88D-9A69-D09A-D133-C73C61A511DC}.Debug|Any CPU.ActiveCfg = Debug|Any CPU
		{DB64D88D-9A69-D09A-D133-C73C61A511DC}.Debug|Any CPU.Build.0 = Debug|Any CPU
		{DB64D88D-9A69-D09A-D133-C73C61A511DC}.Release|Any CPU.ActiveCfg = Release|Any CPU
		{DB64D88D-9A69-D09A-D133-C73C61A511DC}.Release|Any CPU.Build.0 = Release|Any CPU
	EndGlobalSection
	GlobalSection(SolutionProperties) = preSolution
		HideSolutionNode = FALSE
	EndGlobalSection
EndGlobal
